// !$*UTF8*$!
{
	archiveVersion = 1;
	classes = {
	};
	objectVersion = 48;
	objects = {

/* Begin PBXBuildFile section */
		73888DC32001B6B8009E830C /* AppDelegate.swift in Sources */ = {isa = PBXBuildFile; fileRef = 73888DC22001B6B8009E830C /* AppDelegate.swift */; };
		73888DC52001B6B8009E830C /* ViewController.swift in Sources */ = {isa = PBXBuildFile; fileRef = 73888DC42001B6B8009E830C /* ViewController.swift */; };
		73888DC82001B6B8009E830C /* Main.storyboard in Resources */ = {isa = PBXBuildFile; fileRef = 73888DC62001B6B8009E830C /* Main.storyboard */; };
		73888DCA2001B6B8009E830C /* Assets.xcassets in Resources */ = {isa = PBXBuildFile; fileRef = 73888DC92001B6B8009E830C /* Assets.xcassets */; };
		73888DCD2001B6B8009E830C /* LaunchScreen.storyboard in Resources */ = {isa = PBXBuildFile; fileRef = 73888DCB2001B6B8009E830C /* LaunchScreen.storyboard */; };
		73888DD92001B7A0009E830C /* HZDateExtentison.swift in Sources */ = {isa = PBXBuildFile; fileRef = 73888DD82001B7A0009E830C /* HZDateExtentison.swift */; };
		73888DDD2003771B009E830C /* HZCalendarController.swift in Sources */ = {isa = PBXBuildFile; fileRef = 73888DDC2003771B009E830C /* HZCalendarController.swift */; };
		73888DDF2003775D009E830C /* HZDayModel.swift in Sources */ = {isa = PBXBuildFile; fileRef = 73888DDE2003775D009E830C /* HZDayModel.swift */; };
		73888DE1200382FC009E830C /* HZMonthModel.swift in Sources */ = {isa = PBXBuildFile; fileRef = 73888DE0200382FC009E830C /* HZMonthModel.swift */; };
		73888DE320038481009E830C /* HZCalendarView.swift in Sources */ = {isa = PBXBuildFile; fileRef = 73888DE220038481009E830C /* HZCalendarView.swift */; };
		73888DE5200384FD009E830C /* HZCalendarConfig.swift in Sources */ = {isa = PBXBuildFile; fileRef = 73888DE4200384FD009E830C /* HZCalendarConfig.swift */; };
		73888DE720038568009E830C /* HZUIViewExtension.swift in Sources */ = {isa = PBXBuildFile; fileRef = 73888DE620038568009E830C /* HZUIViewExtension.swift */; };
/* End PBXBuildFile section */

/* Begin PBXFileReference section */
		73888DBF2001B6B8009E830C /* HZCalendar.app */ = {isa = PBXFileReference; explicitFileType = wrapper.application; includeInIndex = 0; path = HZCalendar.app; sourceTree = BUILT_PRODUCTS_DIR; };
		73888DC22001B6B8009E830C /* AppDelegate.swift */ = {isa = PBXFileReference; lastKnownFileType = sourcecode.swift; path = AppDelegate.swift; sourceTree = "<group>"; };
		73888DC42001B6B8009E830C /* ViewController.swift */ = {isa = PBXFileReference; lastKnownFileType = sourcecode.swift; path = ViewController.swift; sourceTree = "<group>"; };
		73888DC72001B6B8009E830C /* Base */ = {isa = PBXFileReference; lastKnownFileType = file.storyboard; name = Base; path = Base.lproj/Main.storyboard; sourceTree = "<group>"; };
		73888DC92001B6B8009E830C /* Assets.xcassets */ = {isa = PBXFileReference; lastKnownFileType = folder.assetcatalog; path = Assets.xcassets; sourceTree = "<group>"; };
		73888DCC2001B6B8009E830C /* Base */ = {isa = PBXFileReference; lastKnownFileType = file.storyboard; name = Base; path = Base.lproj/LaunchScreen.storyboard; sourceTree = "<group>"; };
		73888DCE2001B6B8009E830C /* Info.plist */ = {isa = PBXFileReference; lastKnownFileType = text.plist.xml; path = Info.plist; sourceTree = "<group>"; };
		73888DD82001B7A0009E830C /* HZDateExtentison.swift */ = {isa = PBXFileReference; lastKnownFileType = sourcecode.swift; path = HZDateExtentison.swift; sourceTree = "<group>"; };
		73888DDC2003771B009E830C /* HZCalendarController.swift */ = {isa = PBXFileReference; lastKnownFileType = sourcecode.swift; path = HZCalendarController.swift; sourceTree = "<group>"; };
		73888DDE2003775D009E830C /* HZDayModel.swift */ = {isa = PBXFileReference; lastKnownFileType = sourcecode.swift; path = HZDayModel.swift; sourceTree = "<group>"; };
		73888DE0200382FC009E830C /* HZMonthModel.swift */ = {isa = PBXFileReference; lastKnownFileType = sourcecode.swift; path = HZMonthModel.swift; sourceTree = "<group>"; };
		73888DE220038481009E830C /* HZCalendarView.swift */ = {isa = PBXFileReference; lastKnownFileType = sourcecode.swift; path = HZCalendarView.swift; sourceTree = "<group>"; };
		73888DE4200384FD009E830C /* HZCalendarConfig.swift */ = {isa = PBXFileReference; lastKnownFileType = sourcecode.swift; path = HZCalendarConfig.swift; sourceTree = "<group>"; };
		73888DE620038568009E830C /* HZUIViewExtension.swift */ = {isa = PBXFileReference; fileEncoding = 4; lastKnownFileType = sourcecode.swift; path = HZUIViewExtension.swift; sourceTree = "<group>"; };
/* End PBXFileReference section */

/* Begin PBXFrameworksBuildPhase section */
		73888DBC2001B6B8009E830C /* Frameworks */ = {
			isa = PBXFrameworksBuildPhase;
			buildActionMask = 2147483647;
			files = (
			);
			runOnlyForDeploymentPostprocessing = 0;
		};
/* End PBXFrameworksBuildPhase section */

/* Begin PBXGroup section */
		73888DB62001B6B8009E830C = {
			isa = PBXGroup;
			children = (
				73888DC12001B6B8009E830C /* HZCalendar */,
				73888DC02001B6B8009E830C /* Products */,
			);
			sourceTree = "<group>";
		};
		73888DC02001B6B8009E830C /* Products */ = {
			isa = PBXGroup;
			children = (
				73888DBF2001B6B8009E830C /* HZCalendar.app */,
			);
			name = Products;
			sourceTree = "<group>";
		};
		73888DC12001B6B8009E830C /* HZCalendar */ = {
			isa = PBXGroup;
			children = (
				73888DC22001B6B8009E830C /* AppDelegate.swift */,
				73888DD42001B75F009E830C /* MonthCalendar */,
				73888DC42001B6B8009E830C /* ViewController.swift */,
				73888DDC2003771B009E830C /* HZCalendarController.swift */,
				73888DC62001B6B8009E830C /* Main.storyboard */,
				73888DC92001B6B8009E830C /* Assets.xcassets */,
				73888DCB2001B6B8009E830C /* LaunchScreen.storyboard */,
				73888DCE2001B6B8009E830C /* Info.plist */,
			);
			path = HZCalendar;
			sourceTree = "<group>";
		};
		73888DD42001B75F009E830C /* MonthCalendar */ = {
			isa = PBXGroup;
			children = (
				73888DD52001B75F009E830C /* ViewModel */,
				73888DD62001B75F009E830C /* Model */,
				73888DD72001B75F009E830C /* View */,
			);
			path = MonthCalendar;
			sourceTree = "<group>";
		};
		73888DD52001B75F009E830C /* ViewModel */ = {
			isa = PBXGroup;
			children = (
				73888DE4200384FD009E830C /* HZCalendarConfig.swift */,
			);
			path = ViewModel;
			sourceTree = "<group>";
		};
		73888DD62001B75F009E830C /* Model */ = {
			isa = PBXGroup;
			children = (
				73888DD82001B7A0009E830C /* HZDateExtentison.swift */,
				73888DDE2003775D009E830C /* HZDayModel.swift */,
				73888DE0200382FC009E830C /* HZMonthModel.swift */,
			);
			path = Model;
			sourceTree = "<group>";
		};
		73888DD72001B75F009E830C /* View */ = {
			isa = PBXGroup;
			children = (
				73888DE620038568009E830C /* HZUIViewExtension.swift */,
				73888DE220038481009E830C /* HZCalendarView.swift */,
			);
			path = View;
			sourceTree = "<group>";
		};
/* End PBXGroup section */

/* Begin PBXNativeTarget section */
		73888DBE2001B6B8009E830C /* HZCalendar */ = {
			isa = PBXNativeTarget;
			buildConfigurationList = 73888DD12001B6B8009E830C /* Build configuration list for PBXNativeTarget "HZCalendar" */;
			buildPhases = (
				73888DBB2001B6B8009E830C /* Sources */,
				73888DBC2001B6B8009E830C /* Frameworks */,
				73888DBD2001B6B8009E830C /* Resources */,
			);
			buildRules = (
			);
			dependencies = (
			);
			name = HZCalendar;
			productName = HZCalendar;
			productReference = 73888DBF2001B6B8009E830C /* HZCalendar.app */;
			productType = "com.apple.product-type.application";
		};
/* End PBXNativeTarget section */

/* Begin PBXProject section */
		73888DB72001B6B8009E830C /* Project object */ = {
			isa = PBXProject;
			attributes = {
				CLASSPREFIX = HZ;
				LastSwiftUpdateCheck = 0910;
				LastUpgradeCheck = 0910;
				ORGANIZATIONNAME = "韩志峰";
				TargetAttributes = {
					73888DBE2001B6B8009E830C = {
						CreatedOnToolsVersion = 9.1;
						ProvisioningStyle = Automatic;
					};
				};
			};
			buildConfigurationList = 73888DBA2001B6B8009E830C /* Build configuration list for PBXProject "HZCalendar" */;
			compatibilityVersion = "Xcode 8.0";
			developmentRegion = en;
			hasScannedForEncodings = 0;
			knownRegions = (
				en,
				Base,
			);
			mainGroup = 73888DB62001B6B8009E830C;
			productRefGroup = 73888DC02001B6B8009E830C /* Products */;
			projectDirPath = "";
			projectRoot = "";
			targets = (
				73888DBE2001B6B8009E830C /* HZCalendar */,
			);
		};
/* End PBXProject section */

/* Begin PBXResourcesBuildPhase section */
		73888DBD2001B6B8009E830C /* Resources */ = {
			isa = PBXResourcesBuildPhase;
			buildActionMask = 2147483647;
			files = (
				73888DCD2001B6B8009E830C /* LaunchScreen.storyboard in Resources */,
				73888DCA2001B6B8009E830C /* Assets.xcassets in Resources */,
				73888DC82001B6B8009E830C /* Main.storyboard in Resources */,
			);
			runOnlyForDeploymentPostprocessing = 0;
		};
/* End PBXResourcesBuildPhase section */

/* Begin PBXSourcesBuildPhase section */
		73888DBB2001B6B8009E830C /* Sources */ = {
			isa = PBXSourcesBuildPhase;
			buildActionMask = 2147483647;
			files = (
				73888DE1200382FC009E830C /* HZMonthModel.swift in Sources */,
				73888DC52001B6B8009E830C /* ViewController.swift in Sources */,
				73888DE320038481009E830C /* HZCalendarView.swift in Sources */,
				73888DE5200384FD009E830C /* HZCalendarConfig.swift in Sources */,
				73888DDD2003771B009E830C /* HZCalendarController.swift in Sources */,
				73888DDF2003775D009E830C /* HZDayModel.swift in Sources */,
				73888DD92001B7A0009E830C /* HZDateExtentison.swift in Sources */,
				73888DC32001B6B8009E830C /* AppDelegate.swift in Sources */,
				73888DE720038568009E830C /* HZUIViewExtension.swift in Sources */,
			);
			runOnlyForDeploymentPostprocessing = 0;
		};
/* End PBXSourcesBuildPhase section */

/* Begin PBXVariantGroup section */
		73888DC62001B6B8009E830C /* Main.storyboard */ = {
			isa = PBXVariantGroup;
			children = (
				73888DC72001B6B8009E830C /* Base */,
			);
			name = Main.storyboard;
			sourceTree = "<group>";
		};
		73888DCB2001B6B8009E830C /* LaunchScreen.storyboard */ = {
			isa = PBXVariantGroup;
			children = (
				73888DCC2001B6B8009E830C /* Base */,
			);
			name = LaunchScreen.storyboard;
			sourceTree = "<group>";
		};
/* End PBXVariantGroup section */

/* Begin XCBuildConfiguration section */
		73888DCF2001B6B8009E830C /* Debug */ = {
			isa = XCBuildConfiguration;
			buildSettings = {
				ALWAYS_SEARCH_USER_PATHS = NO;
				CLANG_ANALYZER_NONNULL = YES;
				CLANG_ANALYZER_NUMBER_OBJECT_CONVERSION = YES_AGGRESSIVE;
				CLANG_CXX_LANGUAGE_STANDARD = "gnu++14";
				CLANG_CXX_LIBRARY = "libc++";
				CLANG_ENABLE_MODULES = YES;
				CLANG_ENABLE_OBJC_ARC = YES;
				CLANG_WARN_BLOCK_CAPTURE_AUTORELEASING = YES;
				CLANG_WARN_BOOL_CONVERSION = YES;
				CLANG_WARN_COMMA = YES;
				CLANG_WARN_CONSTANT_CONVERSION = YES;
				CLANG_WARN_DIRECT_OBJC_ISA_USAGE = YES_ERROR;
				CLANG_WARN_DOCUMENTATION_COMMENTS = YES;
				CLANG_WARN_EMPTY_BODY = YES;
				CLANG_WARN_ENUM_CONVERSION = YES;
				CLANG_WARN_INFINITE_RECURSION = YES;
				CLANG_WARN_INT_CONVERSION = YES;
				CLANG_WARN_NON_LITERAL_NULL_CONVERSION = YES;
				CLANG_WARN_OBJC_LITERAL_CONVERSION = YES;
				CLANG_WARN_OBJC_ROOT_CLASS = YES_ERROR;
				CLANG_WARN_RANGE_LOOP_ANALYSIS = YES;
				CLANG_WARN_STRICT_PROTOTYPES = YES;
				CLANG_WARN_SUSPICIOUS_MOVE = YES;
				CLANG_WARN_UNGUARDED_AVAILABILITY = YES_AGGRESSIVE;
				CLANG_WARN_UNREACHABLE_CODE = YES;
				CLANG_WARN__DUPLICATE_METHOD_MATCH = YES;
				CODE_SIGN_IDENTITY = "iPhone Developer";
				COPY_PHASE_STRIP = NO;
				DEBUG_INFORMATION_FORMAT = dwarf;
				ENABLE_STRICT_OBJC_MSGSEND = YES;
				ENABLE_TESTABILITY = YES;
				GCC_C_LANGUAGE_STANDARD = gnu11;
				GCC_DYNAMIC_NO_PIC = NO;
				GCC_NO_COMMON_BLOCKS = YES;
				GCC_OPTIMIZATION_LEVEL = 0;
				GCC_PREPROCESSOR_DEFINITIONS = (
					"DEBUG=1",
					"$(inherited)",
				);
				GCC_WARN_64_TO_32_BIT_CONVERSION = YES;
				GCC_WARN_ABOUT_RETURN_TYPE = YES_ERROR;
				GCC_WARN_UNDECLARED_SELECTOR = YES;
				GCC_WARN_UNINITIALIZED_AUTOS = YES_AGGRESSIVE;
				GCC_WARN_UNUSED_FUNCTION = YES;
				GCC_WARN_UNUSED_VARIABLE = YES;
				IPHONEOS_DEPLOYMENT_TARGET = 11.1;
				MTL_ENABLE_DEBUG_INFO = YES;
				ONLY_ACTIVE_ARCH = YES;
				SDKROOT = iphoneos;
				SWIFT_ACTIVE_COMPILATION_CONDITIONS = DEBUG;
				SWIFT_OPTIMIZATION_LEVEL = "-Onone";
			};
			name = Debug;
		};
		73888DD02001B6B8009E830C /* Release */ = {
			isa = XCBuildConfiguration;
			buildSettings = {
				ALWAYS_SEARCH_USER_PATHS = NO;
				CLANG_ANALYZER_NONNULL = YES;
				CLANG_ANALYZER_NUMBER_OBJECT_CONVERSION = YES_AGGRESSIVE;
				CLANG_CXX_LANGUAGE_STANDARD = "gnu++14";
				CLANG_CXX_LIBRARY = "libc++";
				CLANG_ENABLE_MODULES = YES;
				CLANG_ENABLE_OBJC_ARC = YES;
				CLANG_WARN_BLOCK_CAPTURE_AUTORELEASING = YES;
				CLANG_WARN_BOOL_CONVERSION = YES;
				CLANG_WARN_COMMA = YES;
				CLANG_WARN_CONSTANT_CONVERSION = YES;
				CLANG_WARN_DIRECT_OBJC_ISA_USAGE = YES_ERROR;
				CLANG_WARN_DOCUMENTATION_COMMENTS = YES;
				CLANG_WARN_EMPTY_BODY = YES;
				CLANG_WARN_ENUM_CONVERSION = YES;
				CLANG_WARN_INFINITE_RECURSION = YES;
				CLANG_WARN_INT_CONVERSION = YES;
				CLANG_WARN_NON_LITERAL_NULL_CONVERSION = YES;
				CLANG_WARN_OBJC_LITERAL_CONVERSION = YES;
				CLANG_WARN_OBJC_ROOT_CLASS = YES_ERROR;
				CLANG_WARN_RANGE_LOOP_ANALYSIS = YES;
				CLANG_WARN_STRICT_PROTOTYPES = YES;
				CLANG_WARN_SUSPICIOUS_MOVE = YES;
				CLANG_WARN_UNGUARDED_AVAILABILITY = YES_AGGRESSIVE;
				CLANG_WARN_UNREACHABLE_CODE = YES;
				CLANG_WARN__DUPLICATE_METHOD_MATCH = YES;
				CODE_SIGN_IDENTITY = "iPhone Developer";
				COPY_PHASE_STRIP = NO;
				DEBUG_INFORMATION_FORMAT = "dwarf-with-dsym";
				ENABLE_NS_ASSERTIONS = NO;
				ENABLE_STRICT_OBJC_MSGSEND = YES;
				GCC_C_LANGUAGE_STANDARD = gnu11;
				GCC_NO_COMMON_BLOCKS = YES;
				GCC_WARN_64_TO_32_BIT_CONVERSION = YES;
				GCC_WARN_ABOUT_RETURN_TYPE = YES_ERROR;
				GCC_WARN_UNDECLARED_SELECTOR = YES;
				GCC_WARN_UNINITIALIZED_AUTOS = YES_AGGRESSIVE;
				GCC_WARN_UNUSED_FUNCTION = YES;
				GCC_WARN_UNUSED_VARIABLE = YES;
				IPHONEOS_DEPLOYMENT_TARGET = 11.1;
				MTL_ENABLE_DEBUG_INFO = NO;
				SDKROOT = iphoneos;
				SWIFT_OPTIMIZATION_LEVEL = "-Owholemodule";
				VALIDATE_PRODUCT = YES;
			};
			name = Release;
		};
		73888DD22001B6B8009E830C /* Debug */ = {
			isa = XCBuildConfiguration;
			buildSettings = {
				ASSETCATALOG_COMPILER_APPICON_NAME = AppIcon;
				CODE_SIGN_STYLE = Automatic;
				DEVELOPMENT_TEAM = VMTN98C772;
				INFOPLIST_FILE = HZCalendar/Info.plist;
				LD_RUNPATH_SEARCH_PATHS = "$(inherited) @executable_path/Frameworks";
				PRODUCT_BUNDLE_IDENTIFIER = HZ.HZCalendar;
				PRODUCT_NAME = "$(TARGET_NAME)";
				SWIFT_VERSION = 4.0;
				TARGETED_DEVICE_FAMILY = "1,2";
			};
			name = Debug;
		};
		73888DD32001B6B8009E830C /* Release */ = {
			isa = XCBuildConfiguration;
			buildSettings = {
				ASSETCATALOG_COMPILER_APPICON_NAME = AppIcon;
				CODE_SIGN_STYLE = Automatic;
				DEVELOPMENT_TEAM = VMTN98C772;
				INFOPLIST_FILE = HZCalendar/Info.plist;
				LD_RUNPATH_SEARCH_PATHS = "$(inherited) @executable_path/Frameworks";
				PRODUCT_BUNDLE_IDENTIFIER = HZ.HZCalendar;
				PRODUCT_NAME = "$(TARGET_NAME)";
				SWIFT_VERSION = 4.0;
				TARGETED_DEVICE_FAMILY = "1,2";
			};
			name = Release;
		};
/* End XCBuildConfiguration section */

/* Begin XCConfigurationList section */
		73888DBA2001B6B8009E830C /* Build configuration list for PBXProject "HZCalendar" */ = {
			isa = XCConfigurationList;
			buildConfigurations = (
				73888DCF2001B6B8009E830C /* Debug */,
				73888DD02001B6B8009E830C /* Release */,
			);
			defaultConfigurationIsVisible = 0;
			defaultConfigurationName = Release;
		};
		73888DD12001B6B8009E830C /* Build configuration list for PBXNativeTarget "HZCalendar" */ = {
			isa = XCConfigurationList;
			buildConfigurations = (
				73888DD22001B6B8009E830C /* Debug */,
				73888DD32001B6B8009E830C /* Release */,
			);
			defaultConfigurationIsVisible = 0;
			defaultConfigurationName = Release;
		};
/* End XCConfigurationList section */
	};
	rootObject = 73888DB72001B6B8009E830C /* Project object */;
}
